// !$*UTF8*$!
{
	archiveVersion = 1;
	classes = {
	};
	objectVersion = 46;
	objects = {

/* Begin PBXBuildFile section */
		504E9EF31D69EC7400C01F17 /* ANXMoPubAdColony.h in CopyFiles */ = {isa = PBXBuildFile; fileRef = 504E9EF21D69EC7400C01F17 /* ANXMoPubAdColony.h */; };
		504E9EF51D69EC7400C01F17 /* ANXMoPubAdColony.m in Sources */ = {isa = PBXBuildFile; fileRef = 504E9EF41D69EC7400C01F17 /* ANXMoPubAdColony.m */; };
		5054A52A1D6A618000CA6C66 /* AdColonyCustomEvent.m in Sources */ = {isa = PBXBuildFile; fileRef = 5054A51D1D6A618000CA6C66 /* AdColonyCustomEvent.m */; settings = {COMPILER_FLAGS = "-fobjc-arc"; }; };
		5054A52B1D6A618000CA6C66 /* AdColonyGlobalMediationSettings.m in Sources */ = {isa = PBXBuildFile; fileRef = 5054A51F1D6A618000CA6C66 /* AdColonyGlobalMediationSettings.m */; settings = {COMPILER_FLAGS = "-fobjc-arc"; }; };
		5054A52C1D6A618000CA6C66 /* AdColonyInstanceMediationSettings.m in Sources */ = {isa = PBXBuildFile; fileRef = 5054A5211D6A618000CA6C66 /* AdColonyInstanceMediationSettings.m */; settings = {COMPILER_FLAGS = "-fobjc-arc"; }; };
		5054A52D1D6A618000CA6C66 /* AdColonyInterstitialCustomEvent.m in Sources */ = {isa = PBXBuildFile; fileRef = 5054A5231D6A618000CA6C66 /* AdColonyInterstitialCustomEvent.m */; settings = {COMPILER_FLAGS = "-fobjc-arc"; }; };
		5054A52E1D6A618000CA6C66 /* AdColonyRewardedVideoCustomEvent.m in Sources */ = {isa = PBXBuildFile; fileRef = 5054A5251D6A618000CA6C66 /* AdColonyRewardedVideoCustomEvent.m */; settings = {COMPILER_FLAGS = "-fobjc-arc"; }; };
		5054A52F1D6A618000CA6C66 /* MPAdColonyRouter.m in Sources */ = {isa = PBXBuildFile; fileRef = 5054A5271D6A618000CA6C66 /* MPAdColonyRouter.m */; settings = {COMPILER_FLAGS = "-fobjc-arc"; }; };
		5054A5301D6A618000CA6C66 /* MPInstanceProvider+AdColony.m in Sources */ = {isa = PBXBuildFile; fileRef = 5054A5291D6A618000CA6C66 /* MPInstanceProvider+AdColony.m */; settings = {COMPILER_FLAGS = "-fobjc-arc"; }; };
		5054A5311D6AFCC700CA6C66 /* libPods.a in Frameworks */ = {isa = PBXBuildFile; fileRef = 36B3EFBEFC824E487C1CC06B /* libPods.a */; };
		5054A53C1D6E3A6B00CA6C66 /* ANXMoPubVungle.h in CopyFiles */ = {isa = PBXBuildFile; fileRef = 5054A53B1D6E3A6B00CA6C66 /* ANXMoPubVungle.h */; };
		5054A53E1D6E3A6B00CA6C66 /* ANXMoPubVungle.m in Sources */ = {isa = PBXBuildFile; fileRef = 5054A53D1D6E3A6B00CA6C66 /* ANXMoPubVungle.m */; };
		5054A5471D6E45E200CA6C66 /* VungleSDK.framework in Frameworks */ = {isa = PBXBuildFile; fileRef = 5054A5461D6E45E200CA6C66 /* VungleSDK.framework */; };
		5054A5561D6ED27700CA6C66 /* MPInstanceProvider+Vungle.m in Sources */ = {isa = PBXBuildFile; fileRef = 5054A54B1D6ED27700CA6C66 /* MPInstanceProvider+Vungle.m */; settings = {COMPILER_FLAGS = "-fobjc-arc"; }; };
		5054A5571D6ED27700CA6C66 /* MPVungleRouter.m in Sources */ = {isa = PBXBuildFile; fileRef = 5054A54D1D6ED27700CA6C66 /* MPVungleRouter.m */; settings = {COMPILER_FLAGS = "-fobjc-arc"; }; };
		5054A5591D6ED27700CA6C66 /* VungleInstanceMediationSettings.m in Sources */ = {isa = PBXBuildFile; fileRef = 5054A5511D6ED27700CA6C66 /* VungleInstanceMediationSettings.m */; settings = {COMPILER_FLAGS = "-fobjc-arc"; }; };
		5054A55A1D6ED27700CA6C66 /* VungleInterstitialCustomEvent.m in Sources */ = {isa = PBXBuildFile; fileRef = 5054A5531D6ED27700CA6C66 /* VungleInterstitialCustomEvent.m */; settings = {COMPILER_FLAGS = "-fobjc-arc"; }; };
		5054A55B1D6ED27700CA6C66 /* VungleRewardedVideoCustomEvent.m in Sources */ = {isa = PBXBuildFile; fileRef = 5054A5551D6ED27700CA6C66 /* VungleRewardedVideoCustomEvent.m */; settings = {COMPILER_FLAGS = "-fobjc-arc"; }; };
		5054A5631D6F390D00CA6C66 /* ANXMoPubAdMob.h in CopyFiles */ = {isa = PBXBuildFile; fileRef = 5054A5621D6F390D00CA6C66 /* ANXMoPubAdMob.h */; };
		5054A5651D6F390D00CA6C66 /* ANXMoPubAdMob.m in Sources */ = {isa = PBXBuildFile; fileRef = 5054A5641D6F390D00CA6C66 /* ANXMoPubAdMob.m */; };
		5054A56A1D6F3ACF00CA6C66 /* GoogleMobileAds.framework in Frameworks */ = {isa = PBXBuildFile; fileRef = 5054A5691D6F3ACF00CA6C66 /* GoogleMobileAds.framework */; };
		5054A5721D6F416C00CA6C66 /* MPGoogleAdMobBannerCustomEvent.m in Sources */ = {isa = PBXBuildFile; fileRef = 5054A56D1D6F416C00CA6C66 /* MPGoogleAdMobBannerCustomEvent.m */; settings = {COMPILER_FLAGS = "-fobjc-arc"; }; };
		5054A5731D6F416C00CA6C66 /* MPGoogleAdMobInterstitialCustomEvent.m in Sources */ = {isa = PBXBuildFile; fileRef = 5054A56F1D6F416C00CA6C66 /* MPGoogleAdMobInterstitialCustomEvent.m */; settings = {COMPILER_FLAGS = "-fobjc-arc"; }; };
		5054A57C1D70892500CA6C66 /* ANXMoPubChartboost.h in CopyFiles */ = {isa = PBXBuildFile; fileRef = 5054A57B1D70892500CA6C66 /* ANXMoPubChartboost.h */; };
		5054A57E1D70892500CA6C66 /* ANXMoPubChartboost.m in Sources */ = {isa = PBXBuildFile; fileRef = 5054A57D1D70892500CA6C66 /* ANXMoPubChartboost.m */; };
		5054A5831D708A1500CA6C66 /* Chartboost.framework in Frameworks */ = {isa = PBXBuildFile; fileRef = 5054A5821D708A1500CA6C66 /* Chartboost.framework */; };
		5054A58F1D708D1500CA6C66 /* ChartboostInterstitialCustomEvent.m in Sources */ = {isa = PBXBuildFile; fileRef = 5054A5861D708D1500CA6C66 /* ChartboostInterstitialCustomEvent.m */; settings = {COMPILER_FLAGS = "-fobjc-arc"; }; };
		5054A5901D708D1500CA6C66 /* ChartboostRewardedVideoCustomEvent.m in Sources */ = {isa = PBXBuildFile; fileRef = 5054A5881D708D1500CA6C66 /* ChartboostRewardedVideoCustomEvent.m */; settings = {COMPILER_FLAGS = "-fobjc-arc"; }; };
		5054A5911D708D1500CA6C66 /* MPChartboostRouter.m in Sources */ = {isa = PBXBuildFile; fileRef = 5054A58A1D708D1500CA6C66 /* MPChartboostRouter.m */; settings = {COMPILER_FLAGS = "-fobjc-arc"; }; };
		5054A5921D708D1500CA6C66 /* MPInstanceProvider+Chartboost.m in Sources */ = {isa = PBXBuildFile; fileRef = 5054A58C1D708D1500CA6C66 /* MPInstanceProvider+Chartboost.m */; settings = {COMPILER_FLAGS = "-fobjc-arc"; }; };
		5054A59B1D71733F00CA6C66 /* ANXMoPubFacebook.h in CopyFiles */ = {isa = PBXBuildFile; fileRef = 5054A59A1D71733F00CA6C66 /* ANXMoPubFacebook.h */; };
		5054A59D1D71733F00CA6C66 /* ANXMoPubFacebook.m in Sources */ = {isa = PBXBuildFile; fileRef = 5054A59C1D71733F00CA6C66 /* ANXMoPubFacebook.m */; };
		5054A5A21D7173A400CA6C66 /* FBAudienceNetwork.framework in Frameworks */ = {isa = PBXBuildFile; fileRef = 5054A5A11D7173A400CA6C66 /* FBAudienceNetwork.framework */; };
		5054A5AE1D71755100CA6C66 /* FacebookBannerCustomEvent.m in Sources */ = {isa = PBXBuildFile; fileRef = 5054A5A51D71755100CA6C66 /* FacebookBannerCustomEvent.m */; settings = {COMPILER_FLAGS = "-fobjc-arc"; }; };
		5054A5AF1D71755100CA6C66 /* FacebookInterstitialCustomEvent.m in Sources */ = {isa = PBXBuildFile; fileRef = 5054A5A71D71755100CA6C66 /* FacebookInterstitialCustomEvent.m */; settings = {COMPILER_FLAGS = "-fobjc-arc"; }; };
		5054A5B01D71755100CA6C66 /* FacebookNativeAdAdapter.m in Sources */ = {isa = PBXBuildFile; fileRef = 5054A5A91D71755100CA6C66 /* FacebookNativeAdAdapter.m */; settings = {COMPILER_FLAGS = "-fobjc-arc"; }; };
		5054A5B11D71755100CA6C66 /* FacebookNativeCustomEvent.m in Sources */ = {isa = PBXBuildFile; fileRef = 5054A5AB1D71755100CA6C66 /* FacebookNativeCustomEvent.m */; settings = {COMPILER_FLAGS = "-fobjc-arc"; }; };
		50B6B2111D49D44C00586C33 /* MoPubBanner.m in Sources */ = {isa = PBXBuildFile; fileRef = 50B6B2061D49D44C00586C33 /* MoPubBanner.m */; };
		50B6B2121D49D44C00586C33 /* MoPubCustomEventClassData.m in Sources */ = {isa = PBXBuildFile; fileRef = 50B6B2081D49D44C00586C33 /* MoPubCustomEventClassData.m */; };
		50B6B2131D49D44C00586C33 /* MoPubInterstitial.m in Sources */ = {isa = PBXBuildFile; fileRef = 50B6B20B1D49D44C00586C33 /* MoPubInterstitial.m */; };
		50B6B2141D49D44C00586C33 /* MoPubIosExtension.m in Sources */ = {isa = PBXBuildFile; fileRef = 50B6B20C1D49D44C00586C33 /* MoPubIosExtension.m */; };
		50B6B2151D49D44C00586C33 /* MoPubKeywords.m in Sources */ = {isa = PBXBuildFile; fileRef = 50B6B20E1D49D44C00586C33 /* MoPubKeywords.m */; };
		50B6B2161D49D44C00586C33 /* MoPubTypeConversion.m in Sources */ = {isa = PBXBuildFile; fileRef = 50B6B2101D49D44C00586C33 /* MoPubTypeConversion.m */; };
/* End PBXBuildFile section */

/* Begin PBXCopyFilesBuildPhase section */
		504E9EEE1D69EC7300C01F17 /* CopyFiles */ = {
			isa = PBXCopyFilesBuildPhase;
			buildActionMask = 2147483647;
			dstPath = "include/$(PRODUCT_NAME)";
			dstSubfolderSpec = 16;
			files = (
				504E9EF31D69EC7400C01F17 /* ANXMoPubAdColony.h in CopyFiles */,
			);
			runOnlyForDeploymentPostprocessing = 0;
		};
		5054A5371D6E3A6B00CA6C66 /* CopyFiles */ = {
			isa = PBXCopyFilesBuildPhase;
			buildActionMask = 2147483647;
			dstPath = "include/$(PRODUCT_NAME)";
			dstSubfolderSpec = 16;
			files = (
				5054A53C1D6E3A6B00CA6C66 /* ANXMoPubVungle.h in CopyFiles */,
			);
			runOnlyForDeploymentPostprocessing = 0;
		};
		5054A55E1D6F390D00CA6C66 /* CopyFiles */ = {
			isa = PBXCopyFilesBuildPhase;
			buildActionMask = 2147483647;
			dstPath = "include/$(PRODUCT_NAME)";
			dstSubfolderSpec = 16;
			files = (
				5054A5631D6F390D00CA6C66 /* ANXMoPubAdMob.h in CopyFiles */,
			);
			runOnlyForDeploymentPostprocessing = 0;
		};
		5054A5771D70892500CA6C66 /* CopyFiles */ = {
			isa = PBXCopyFilesBuildPhase;
			buildActionMask = 2147483647;
			dstPath = "include/$(PRODUCT_NAME)";
			dstSubfolderSpec = 16;
			files = (
				5054A57C1D70892500CA6C66 /* ANXMoPubChartboost.h in CopyFiles */,
			);
			runOnlyForDeploymentPostprocessing = 0;
		};
		5054A5961D71733E00CA6C66 /* CopyFiles */ = {
			isa = PBXCopyFilesBuildPhase;
			buildActionMask = 2147483647;
			dstPath = "include/$(PRODUCT_NAME)";
			dstSubfolderSpec = 16;
			files = (
				5054A59B1D71733F00CA6C66 /* ANXMoPubFacebook.h in CopyFiles */,
			);
			runOnlyForDeploymentPostprocessing = 0;
		};
		50B6B1F61D49D3C000586C33 /* CopyFiles */ = {
			isa = PBXCopyFilesBuildPhase;
			buildActionMask = 2147483647;
			dstPath = "include/$(PRODUCT_NAME)";
			dstSubfolderSpec = 16;
			files = (
			);
			runOnlyForDeploymentPostprocessing = 0;
		};
/* End PBXCopyFilesBuildPhase section */

/* Begin PBXFileReference section */
		1B0534233F13A579833EC5A2 /* Pods.release.xcconfig */ = {isa = PBXFileReference; includeInIndex = 1; lastKnownFileType = text.xcconfig; name = Pods.release.xcconfig; path = "Pods/Target Support Files/Pods/Pods.release.xcconfig"; sourceTree = "<group>"; };
		36B3EFBEFC824E487C1CC06B /* libPods.a */ = {isa = PBXFileReference; explicitFileType = archive.ar; includeInIndex = 0; path = libPods.a; sourceTree = BUILT_PRODUCTS_DIR; };
		504E9EF01D69EC7300C01F17 /* libANXMoPubAdColonySupport.a */ = {isa = PBXFileReference; explicitFileType = archive.ar; includeInIndex = 0; path = libANXMoPubAdColonySupport.a; sourceTree = BUILT_PRODUCTS_DIR; };
		504E9EF21D69EC7400C01F17 /* ANXMoPubAdColony.h */ = {isa = PBXFileReference; lastKnownFileType = sourcecode.c.h; path = ANXMoPubAdColony.h; sourceTree = "<group>"; };
		504E9EF41D69EC7400C01F17 /* ANXMoPubAdColony.m */ = {isa = PBXFileReference; lastKnownFileType = sourcecode.c.objc; path = ANXMoPubAdColony.m; sourceTree = "<group>"; };
		5054A51C1D6A618000CA6C66 /* AdColonyCustomEvent.h */ = {isa = PBXFileReference; fileEncoding = 4; lastKnownFileType = sourcecode.c.h; name = AdColonyCustomEvent.h; path = AdNetworkSupport/AdColony/AdColonyCustomEvent.h; sourceTree = "<group>"; };
		5054A51D1D6A618000CA6C66 /* AdColonyCustomEvent.m */ = {isa = PBXFileReference; fileEncoding = 4; lastKnownFileType = sourcecode.c.objc; name = AdColonyCustomEvent.m; path = AdNetworkSupport/AdColony/AdColonyCustomEvent.m; sourceTree = "<group>"; };
		5054A51E1D6A618000CA6C66 /* AdColonyGlobalMediationSettings.h */ = {isa = PBXFileReference; fileEncoding = 4; lastKnownFileType = sourcecode.c.h; name = AdColonyGlobalMediationSettings.h; path = AdNetworkSupport/AdColony/AdColonyGlobalMediationSettings.h; sourceTree = "<group>"; };
		5054A51F1D6A618000CA6C66 /* AdColonyGlobalMediationSettings.m */ = {isa = PBXFileReference; fileEncoding = 4; lastKnownFileType = sourcecode.c.objc; name = AdColonyGlobalMediationSettings.m; path = AdNetworkSupport/AdColony/AdColonyGlobalMediationSettings.m; sourceTree = "<group>"; };
		5054A5201D6A618000CA6C66 /* AdColonyInstanceMediationSettings.h */ = {isa = PBXFileReference; fileEncoding = 4; lastKnownFileType = sourcecode.c.h; name = AdColonyInstanceMediationSettings.h; path = AdNetworkSupport/AdColony/AdColonyInstanceMediationSettings.h; sourceTree = "<group>"; };
		5054A5211D6A618000CA6C66 /* AdColonyInstanceMediationSettings.m */ = {isa = PBXFileReference; fileEncoding = 4; lastKnownFileType = sourcecode.c.objc; name = AdColonyInstanceMediationSettings.m; path = AdNetworkSupport/AdColony/AdColonyInstanceMediationSettings.m; sourceTree = "<group>"; };
		5054A5221D6A618000CA6C66 /* AdColonyInterstitialCustomEvent.h */ = {isa = PBXFileReference; fileEncoding = 4; lastKnownFileType = sourcecode.c.h; name = AdColonyInterstitialCustomEvent.h; path = AdNetworkSupport/AdColony/AdColonyInterstitialCustomEvent.h; sourceTree = "<group>"; };
		5054A5231D6A618000CA6C66 /* AdColonyInterstitialCustomEvent.m */ = {isa = PBXFileReference; fileEncoding = 4; lastKnownFileType = sourcecode.c.objc; name = AdColonyInterstitialCustomEvent.m; path = AdNetworkSupport/AdColony/AdColonyInterstitialCustomEvent.m; sourceTree = "<group>"; };
		5054A5241D6A618000CA6C66 /* AdColonyRewardedVideoCustomEvent.h */ = {isa = PBXFileReference; fileEncoding = 4; lastKnownFileType = sourcecode.c.h; name = AdColonyRewardedVideoCustomEvent.h; path = AdNetworkSupport/AdColony/AdColonyRewardedVideoCustomEvent.h; sourceTree = "<group>"; };
		5054A5251D6A618000CA6C66 /* AdColonyRewardedVideoCustomEvent.m */ = {isa = PBXFileReference; fileEncoding = 4; lastKnownFileType = sourcecode.c.objc; name = AdColonyRewardedVideoCustomEvent.m; path = AdNetworkSupport/AdColony/AdColonyRewardedVideoCustomEvent.m; sourceTree = "<group>"; };
		5054A5261D6A618000CA6C66 /* MPAdColonyRouter.h */ = {isa = PBXFileReference; fileEncoding = 4; lastKnownFileType = sourcecode.c.h; name = MPAdColonyRouter.h; path = AdNetworkSupport/AdColony/MPAdColonyRouter.h; sourceTree = "<group>"; };
		5054A5271D6A618000CA6C66 /* MPAdColonyRouter.m */ = {isa = PBXFileReference; fileEncoding = 4; lastKnownFileType = sourcecode.c.objc; name = MPAdColonyRouter.m; path = AdNetworkSupport/AdColony/MPAdColonyRouter.m; sourceTree = "<group>"; };
		5054A5281D6A618000CA6C66 /* MPInstanceProvider+AdColony.h */ = {isa = PBXFileReference; fileEncoding = 4; lastKnownFileType = sourcecode.c.h; name = "MPInstanceProvider+AdColony.h"; path = "AdNetworkSupport/AdColony/MPInstanceProvider+AdColony.h"; sourceTree = "<group>"; };
		5054A5291D6A618000CA6C66 /* MPInstanceProvider+AdColony.m */ = {isa = PBXFileReference; fileEncoding = 4; lastKnownFileType = sourcecode.c.objc; name = "MPInstanceProvider+AdColony.m"; path = "AdNetworkSupport/AdColony/MPInstanceProvider+AdColony.m"; sourceTree = "<group>"; };
		5054A5321D6B1D4F00CA6C66 /* AdColony.framework */ = {isa = PBXFileReference; lastKnownFileType = wrapper.framework; name = AdColony.framework; path = Pods/AdColony/AdColony.framework; sourceTree = "<group>"; };
		5054A5391D6E3A6B00CA6C66 /* libANXMoPubVungleSupport.a */ = {isa = PBXFileReference; explicitFileType = archive.ar; includeInIndex = 0; path = libANXMoPubVungleSupport.a; sourceTree = BUILT_PRODUCTS_DIR; };
		5054A53B1D6E3A6B00CA6C66 /* ANXMoPubVungle.h */ = {isa = PBXFileReference; lastKnownFileType = sourcecode.c.h; path = ANXMoPubVungle.h; sourceTree = "<group>"; };
		5054A53D1D6E3A6B00CA6C66 /* ANXMoPubVungle.m */ = {isa = PBXFileReference; lastKnownFileType = sourcecode.c.objc; path = ANXMoPubVungle.m; sourceTree = "<group>"; };
		5054A5441D6E45D100CA6C66 /* VungleSDK.embeddedframework */ = {isa = PBXFileReference; lastKnownFileType = folder; name = VungleSDK.embeddedframework; path = "Pods/VungleSDK-iOS/VungleSDK.embeddedframework"; sourceTree = "<group>"; };
		5054A5461D6E45E200CA6C66 /* VungleSDK.framework */ = {isa = PBXFileReference; lastKnownFileType = wrapper.framework; name = VungleSDK.framework; path = "Pods/VungleSDK-iOS/VungleSDK.embeddedframework/VungleSDK.framework"; sourceTree = "<group>"; };
		5054A54A1D6ED27700CA6C66 /* MPInstanceProvider+Vungle.h */ = {isa = PBXFileReference; fileEncoding = 4; lastKnownFileType = sourcecode.c.h; path = "MPInstanceProvider+Vungle.h"; sourceTree = "<group>"; };
		5054A54B1D6ED27700CA6C66 /* MPInstanceProvider+Vungle.m */ = {isa = PBXFileReference; fileEncoding = 4; lastKnownFileType = sourcecode.c.objc; path = "MPInstanceProvider+Vungle.m"; sourceTree = "<group>"; };
		5054A54C1D6ED27700CA6C66 /* MPVungleRouter.h */ = {isa = PBXFileReference; fileEncoding = 4; lastKnownFileType = sourcecode.c.h; path = MPVungleRouter.h; sourceTree = "<group>"; };
		5054A54D1D6ED27700CA6C66 /* MPVungleRouter.m */ = {isa = PBXFileReference; fileEncoding = 4; lastKnownFileType = sourcecode.c.objc; path = MPVungleRouter.m; sourceTree = "<group>"; };
		5054A5501D6ED27700CA6C66 /* VungleInstanceMediationSettings.h */ = {isa = PBXFileReference; fileEncoding = 4; lastKnownFileType = sourcecode.c.h; path = VungleInstanceMediationSettings.h; sourceTree = "<group>"; };
		5054A5511D6ED27700CA6C66 /* VungleInstanceMediationSettings.m */ = {isa = PBXFileReference; fileEncoding = 4; lastKnownFileType = sourcecode.c.objc; path = VungleInstanceMediationSettings.m; sourceTree = "<group>"; };
		5054A5521D6ED27700CA6C66 /* VungleInterstitialCustomEvent.h */ = {isa = PBXFileReference; fileEncoding = 4; lastKnownFileType = sourcecode.c.h; path = VungleInterstitialCustomEvent.h; sourceTree = "<group>"; };
		5054A5531D6ED27700CA6C66 /* VungleInterstitialCustomEvent.m */ = {isa = PBXFileReference; fileEncoding = 4; lastKnownFileType = sourcecode.c.objc; path = VungleInterstitialCustomEvent.m; sourceTree = "<group>"; };
		5054A5541D6ED27700CA6C66 /* VungleRewardedVideoCustomEvent.h */ = {isa = PBXFileReference; fileEncoding = 4; lastKnownFileType = sourcecode.c.h; path = VungleRewardedVideoCustomEvent.h; sourceTree = "<group>"; };
		5054A5551D6ED27700CA6C66 /* VungleRewardedVideoCustomEvent.m */ = {isa = PBXFileReference; fileEncoding = 4; lastKnownFileType = sourcecode.c.objc; path = VungleRewardedVideoCustomEvent.m; sourceTree = "<group>"; };
		5054A5601D6F390D00CA6C66 /* libANXMoPubAdMobSupport.a */ = {isa = PBXFileReference; explicitFileType = archive.ar; includeInIndex = 0; path = libANXMoPubAdMobSupport.a; sourceTree = BUILT_PRODUCTS_DIR; };
		5054A5621D6F390D00CA6C66 /* ANXMoPubAdMob.h */ = {isa = PBXFileReference; lastKnownFileType = sourcecode.c.h; path = ANXMoPubAdMob.h; sourceTree = "<group>"; };
		5054A5641D6F390D00CA6C66 /* ANXMoPubAdMob.m */ = {isa = PBXFileReference; lastKnownFileType = sourcecode.c.objc; path = ANXMoPubAdMob.m; sourceTree = "<group>"; };
		5054A5691D6F3ACF00CA6C66 /* GoogleMobileAds.framework */ = {isa = PBXFileReference; lastKnownFileType = wrapper.framework; name = GoogleMobileAds.framework; path = "Pods/Google-Mobile-Ads-SDK/Frameworks/GoogleMobileAds.framework"; sourceTree = "<group>"; };
		5054A56C1D6F416C00CA6C66 /* MPGoogleAdMobBannerCustomEvent.h */ = {isa = PBXFileReference; fileEncoding = 4; lastKnownFileType = sourcecode.c.h; path = MPGoogleAdMobBannerCustomEvent.h; sourceTree = "<group>"; };
		5054A56D1D6F416C00CA6C66 /* MPGoogleAdMobBannerCustomEvent.m */ = {isa = PBXFileReference; fileEncoding = 4; lastKnownFileType = sourcecode.c.objc; path = MPGoogleAdMobBannerCustomEvent.m; sourceTree = "<group>"; };
		5054A56E1D6F416C00CA6C66 /* MPGoogleAdMobInterstitialCustomEvent.h */ = {isa = PBXFileReference; fileEncoding = 4; lastKnownFileType = sourcecode.c.h; path = MPGoogleAdMobInterstitialCustomEvent.h; sourceTree = "<group>"; };
		5054A56F1D6F416C00CA6C66 /* MPGoogleAdMobInterstitialCustomEvent.m */ = {isa = PBXFileReference; fileEncoding = 4; lastKnownFileType = sourcecode.c.objc; path = MPGoogleAdMobInterstitialCustomEvent.m; sourceTree = "<group>"; };
		5054A5791D70892500CA6C66 /* libANXMoPubChartboostSupport.a */ = {isa = PBXFileReference; explicitFileType = archive.ar; includeInIndex = 0; path = libANXMoPubChartboostSupport.a; sourceTree = BUILT_PRODUCTS_DIR; };
		5054A57B1D70892500CA6C66 /* ANXMoPubChartboost.h */ = {isa = PBXFileReference; lastKnownFileType = sourcecode.c.h; path = ANXMoPubChartboost.h; sourceTree = "<group>"; };
		5054A57D1D70892500CA6C66 /* ANXMoPubChartboost.m */ = {isa = PBXFileReference; lastKnownFileType = sourcecode.c.objc; path = ANXMoPubChartboost.m; sourceTree = "<group>"; };
		5054A5821D708A1500CA6C66 /* Chartboost.framework */ = {isa = PBXFileReference; lastKnownFileType = wrapper.framework; name = Chartboost.framework; path = Pods/ChartboostSDK/Chartboost.framework; sourceTree = "<group>"; };
		5054A5851D708D1500CA6C66 /* ChartboostInterstitialCustomEvent.h */ = {isa = PBXFileReference; fileEncoding = 4; lastKnownFileType = sourcecode.c.h; path = ChartboostInterstitialCustomEvent.h; sourceTree = "<group>"; };
		5054A5861D708D1500CA6C66 /* ChartboostInterstitialCustomEvent.m */ = {isa = PBXFileReference; fileEncoding = 4; lastKnownFileType = sourcecode.c.objc; path = ChartboostInterstitialCustomEvent.m; sourceTree = "<group>"; };
		5054A5871D708D1500CA6C66 /* ChartboostRewardedVideoCustomEvent.h */ = {isa = PBXFileReference; fileEncoding = 4; lastKnownFileType = sourcecode.c.h; path = ChartboostRewardedVideoCustomEvent.h; sourceTree = "<group>"; };
		5054A5881D708D1500CA6C66 /* ChartboostRewardedVideoCustomEvent.m */ = {isa = PBXFileReference; fileEncoding = 4; lastKnownFileType = sourcecode.c.objc; path = ChartboostRewardedVideoCustomEvent.m; sourceTree = "<group>"; };
		5054A5891D708D1500CA6C66 /* MPChartboostRouter.h */ = {isa = PBXFileReference; fileEncoding = 4; lastKnownFileType = sourcecode.c.h; path = MPChartboostRouter.h; sourceTree = "<group>"; };
		5054A58A1D708D1500CA6C66 /* MPChartboostRouter.m */ = {isa = PBXFileReference; fileEncoding = 4; lastKnownFileType = sourcecode.c.objc; path = MPChartboostRouter.m; sourceTree = "<group>"; };
		5054A58B1D708D1500CA6C66 /* MPInstanceProvider+Chartboost.h */ = {isa = PBXFileReference; fileEncoding = 4; lastKnownFileType = sourcecode.c.h; path = "MPInstanceProvider+Chartboost.h"; sourceTree = "<group>"; };
		5054A58C1D708D1500CA6C66 /* MPInstanceProvider+Chartboost.m */ = {isa = PBXFileReference; fileEncoding = 4; lastKnownFileType = sourcecode.c.objc; path = "MPInstanceProvider+Chartboost.m"; sourceTree = "<group>"; };
		5054A5981D71733E00CA6C66 /* libANXMoPubFacebookSupport.a */ = {isa = PBXFileReference; explicitFileType = archive.ar; includeInIndex = 0; path = libANXMoPubFacebookSupport.a; sourceTree = BUILT_PRODUCTS_DIR; };
		5054A59A1D71733F00CA6C66 /* ANXMoPubFacebook.h */ = {isa = PBXFileReference; lastKnownFileType = sourcecode.c.h; path = ANXMoPubFacebook.h; sourceTree = "<group>"; };
		5054A59C1D71733F00CA6C66 /* ANXMoPubFacebook.m */ = {isa = PBXFileReference; lastKnownFileType = sourcecode.c.objc; path = ANXMoPubFacebook.m; sourceTree = "<group>"; };
		5054A5A11D7173A400CA6C66 /* FBAudienceNetwork.framework */ = {isa = PBXFileReference; lastKnownFileType = wrapper.framework; name = FBAudienceNetwork.framework; path = Pods/FBAudienceNetwork/FBAudienceNetwork.framework; sourceTree = "<group>"; };
		5054A5A41D71755100CA6C66 /* FacebookBannerCustomEvent.h */ = {isa = PBXFileReference; fileEncoding = 4; lastKnownFileType = sourcecode.c.h; path = FacebookBannerCustomEvent.h; sourceTree = "<group>"; };
		5054A5A51D71755100CA6C66 /* FacebookBannerCustomEvent.m */ = {isa = PBXFileReference; fileEncoding = 4; lastKnownFileType = sourcecode.c.objc; path = FacebookBannerCustomEvent.m; sourceTree = "<group>"; };
		5054A5A61D71755100CA6C66 /* FacebookInterstitialCustomEvent.h */ = {isa = PBXFileReference; fileEncoding = 4; lastKnownFileType = sourcecode.c.h; path = FacebookInterstitialCustomEvent.h; sourceTree = "<group>"; };
		5054A5A71D71755100CA6C66 /* FacebookInterstitialCustomEvent.m */ = {isa = PBXFileReference; fileEncoding = 4; lastKnownFileType = sourcecode.c.objc; path = FacebookInterstitialCustomEvent.m; sourceTree = "<group>"; };
		5054A5A81D71755100CA6C66 /* FacebookNativeAdAdapter.h */ = {isa = PBXFileReference; fileEncoding = 4; lastKnownFileType = sourcecode.c.h; path = FacebookNativeAdAdapter.h; sourceTree = "<group>"; };
		5054A5A91D71755100CA6C66 /* FacebookNativeAdAdapter.m */ = {isa = PBXFileReference; fileEncoding = 4; lastKnownFileType = sourcecode.c.objc; path = FacebookNativeAdAdapter.m; sourceTree = "<group>"; };
		5054A5AA1D71755100CA6C66 /* FacebookNativeCustomEvent.h */ = {isa = PBXFileReference; fileEncoding = 4; lastKnownFileType = sourcecode.c.h; path = FacebookNativeCustomEvent.h; sourceTree = "<group>"; };
		5054A5AB1D71755100CA6C66 /* FacebookNativeCustomEvent.m */ = {isa = PBXFileReference; fileEncoding = 4; lastKnownFileType = sourcecode.c.objc; path = FacebookNativeCustomEvent.m; sourceTree = "<group>"; };
		50B6B1F81D49D3C000586C33 /* libANXMoPub.a */ = {isa = PBXFileReference; explicitFileType = archive.ar; includeInIndex = 0; path = libANXMoPub.a; sourceTree = BUILT_PRODUCTS_DIR; };
		50B6B2041D49D44C00586C33 /* FlashRuntimeExtensions.h */ = {isa = PBXFileReference; fileEncoding = 4; lastKnownFileType = sourcecode.c.h; path = FlashRuntimeExtensions.h; sourceTree = "<group>"; };
		50B6B2051D49D44C00586C33 /* MoPubBanner.h */ = {isa = PBXFileReference; fileEncoding = 4; lastKnownFileType = sourcecode.c.h; path = MoPubBanner.h; sourceTree = "<group>"; };
		50B6B2061D49D44C00586C33 /* MoPubBanner.m */ = {isa = PBXFileReference; fileEncoding = 4; lastKnownFileType = sourcecode.c.objc; path = MoPubBanner.m; sourceTree = "<group>"; };
		50B6B2071D49D44C00586C33 /* MoPubCustomEventClassData.h */ = {isa = PBXFileReference; fileEncoding = 4; lastKnownFileType = sourcecode.c.h; path = MoPubCustomEventClassData.h; sourceTree = "<group>"; };
		50B6B2081D49D44C00586C33 /* MoPubCustomEventClassData.m */ = {isa = PBXFileReference; fileEncoding = 4; lastKnownFileType = sourcecode.c.objc; path = MoPubCustomEventClassData.m; sourceTree = "<group>"; };
		50B6B2091D49D44C00586C33 /* MoPubInternalMessages.h */ = {isa = PBXFileReference; fileEncoding = 4; lastKnownFileType = sourcecode.c.h; path = MoPubInternalMessages.h; sourceTree = "<group>"; };
		50B6B20A1D49D44C00586C33 /* MoPubInterstitial.h */ = {isa = PBXFileReference; fileEncoding = 4; lastKnownFileType = sourcecode.c.h; path = MoPubInterstitial.h; sourceTree = "<group>"; };
		50B6B20B1D49D44C00586C33 /* MoPubInterstitial.m */ = {isa = PBXFileReference; fileEncoding = 4; lastKnownFileType = sourcecode.c.objc; path = MoPubInterstitial.m; sourceTree = "<group>"; };
		50B6B20C1D49D44C00586C33 /* MoPubIosExtension.m */ = {isa = PBXFileReference; fileEncoding = 4; lastKnownFileType = sourcecode.c.objc; path = MoPubIosExtension.m; sourceTree = "<group>"; };
		50B6B20D1D49D44C00586C33 /* MoPubKeywords.h */ = {isa = PBXFileReference; fileEncoding = 4; lastKnownFileType = sourcecode.c.h; path = MoPubKeywords.h; sourceTree = "<group>"; };
		50B6B20E1D49D44C00586C33 /* MoPubKeywords.m */ = {isa = PBXFileReference; fileEncoding = 4; lastKnownFileType = sourcecode.c.objc; path = MoPubKeywords.m; sourceTree = "<group>"; };
		50B6B20F1D49D44C00586C33 /* MoPubTypeConversion.h */ = {isa = PBXFileReference; fileEncoding = 4; lastKnownFileType = sourcecode.c.h; path = MoPubTypeConversion.h; sourceTree = "<group>"; };
		50B6B2101D49D44C00586C33 /* MoPubTypeConversion.m */ = {isa = PBXFileReference; fileEncoding = 4; lastKnownFileType = sourcecode.c.objc; path = MoPubTypeConversion.m; sourceTree = "<group>"; };
		5B1F228E46BEFB2816D8B137 /* Pods.debug.xcconfig */ = {isa = PBXFileReference; includeInIndex = 1; lastKnownFileType = text.xcconfig; name = Pods.debug.xcconfig; path = "Pods/Target Support Files/Pods/Pods.debug.xcconfig"; sourceTree = "<group>"; };
/* End PBXFileReference section */

/* Begin PBXFrameworksBuildPhase section */
		504E9EED1D69EC7300C01F17 /* Frameworks */ = {
			isa = PBXFrameworksBuildPhase;
			buildActionMask = 2147483647;
			files = (
			);
			runOnlyForDeploymentPostprocessing = 0;
		};
		5054A5361D6E3A6B00CA6C66 /* Frameworks */ = {
			isa = PBXFrameworksBuildPhase;
			buildActionMask = 2147483647;
			files = (
				5054A5471D6E45E200CA6C66 /* VungleSDK.framework in Frameworks */,
			);
			runOnlyForDeploymentPostprocessing = 0;
		};
		5054A55D1D6F390D00CA6C66 /* Frameworks */ = {
			isa = PBXFrameworksBuildPhase;
			buildActionMask = 2147483647;
			files = (
				5054A56A1D6F3ACF00CA6C66 /* GoogleMobileAds.framework in Frameworks */,
			);
			runOnlyForDeploymentPostprocessing = 0;
		};
		5054A5761D70892500CA6C66 /* Frameworks */ = {
			isa = PBXFrameworksBuildPhase;
			buildActionMask = 2147483647;
			files = (
				5054A5831D708A1500CA6C66 /* Chartboost.framework in Frameworks */,
			);
			runOnlyForDeploymentPostprocessing = 0;
		};
		5054A5951D71733E00CA6C66 /* Frameworks */ = {
			isa = PBXFrameworksBuildPhase;
			buildActionMask = 2147483647;
			files = (
				5054A5A21D7173A400CA6C66 /* FBAudienceNetwork.framework in Frameworks */,
			);
			runOnlyForDeploymentPostprocessing = 0;
		};
		50B6B1F51D49D3C000586C33 /* Frameworks */ = {
			isa = PBXFrameworksBuildPhase;
			buildActionMask = 2147483647;
			files = (
				5054A5311D6AFCC700CA6C66 /* libPods.a in Frameworks */,
			);
			runOnlyForDeploymentPostprocessing = 0;
		};
/* End PBXFrameworksBuildPhase section */

/* Begin PBXGroup section */
		504E9EF11D69EC7400C01F17 /* ANXMoPubAdColony */ = {
			isa = PBXGroup;
			children = (
				504E9EF21D69EC7400C01F17 /* ANXMoPubAdColony.h */,
				504E9EF41D69EC7400C01F17 /* ANXMoPubAdColony.m */,
			);
			path = ANXMoPubAdColony;
			sourceTree = "<group>";
		};
		5054A5051D6A604D00CA6C66 /* AdColony */ = {
			isa = PBXGroup;
			children = (
				5054A51C1D6A618000CA6C66 /* AdColonyCustomEvent.h */,
				5054A51D1D6A618000CA6C66 /* AdColonyCustomEvent.m */,
				5054A51E1D6A618000CA6C66 /* AdColonyGlobalMediationSettings.h */,
				5054A51F1D6A618000CA6C66 /* AdColonyGlobalMediationSettings.m */,
				5054A5201D6A618000CA6C66 /* AdColonyInstanceMediationSettings.h */,
				5054A5211D6A618000CA6C66 /* AdColonyInstanceMediationSettings.m */,
				5054A5221D6A618000CA6C66 /* AdColonyInterstitialCustomEvent.h */,
				5054A5231D6A618000CA6C66 /* AdColonyInterstitialCustomEvent.m */,
				5054A5241D6A618000CA6C66 /* AdColonyRewardedVideoCustomEvent.h */,
				5054A5251D6A618000CA6C66 /* AdColonyRewardedVideoCustomEvent.m */,
				5054A5261D6A618000CA6C66 /* MPAdColonyRouter.h */,
				5054A5271D6A618000CA6C66 /* MPAdColonyRouter.m */,
				5054A5281D6A618000CA6C66 /* MPInstanceProvider+AdColony.h */,
				5054A5291D6A618000CA6C66 /* MPInstanceProvider+AdColony.m */,
			);
			name = AdColony;
			sourceTree = "<group>";
		};
		5054A53A1D6E3A6B00CA6C66 /* ANXMoPubVungle */ = {
			isa = PBXGroup;
			children = (
				5054A53B1D6E3A6B00CA6C66 /* ANXMoPubVungle.h */,
				5054A53D1D6E3A6B00CA6C66 /* ANXMoPubVungle.m */,
			);
			path = ANXMoPubVungle;
			sourceTree = "<group>";
		};
		5054A5491D6ED27700CA6C66 /* Vungle */ = {
			isa = PBXGroup;
			children = (
				5054A54A1D6ED27700CA6C66 /* MPInstanceProvider+Vungle.h */,
				5054A54B1D6ED27700CA6C66 /* MPInstanceProvider+Vungle.m */,
				5054A54C1D6ED27700CA6C66 /* MPVungleRouter.h */,
				5054A54D1D6ED27700CA6C66 /* MPVungleRouter.m */,
				5054A5501D6ED27700CA6C66 /* VungleInstanceMediationSettings.h */,
				5054A5511D6ED27700CA6C66 /* VungleInstanceMediationSettings.m */,
				5054A5521D6ED27700CA6C66 /* VungleInterstitialCustomEvent.h */,
				5054A5531D6ED27700CA6C66 /* VungleInterstitialCustomEvent.m */,
				5054A5541D6ED27700CA6C66 /* VungleRewardedVideoCustomEvent.h */,
				5054A5551D6ED27700CA6C66 /* VungleRewardedVideoCustomEvent.m */,
			);
			name = Vungle;
			path = AdNetworkSupport/Vungle;
			sourceTree = "<group>";
		};
		5054A5611D6F390D00CA6C66 /* ANXMoPubAdMob */ = {
			isa = PBXGroup;
			children = (
				5054A5621D6F390D00CA6C66 /* ANXMoPubAdMob.h */,
				5054A5641D6F390D00CA6C66 /* ANXMoPubAdMob.m */,
			);
			path = ANXMoPubAdMob;
			sourceTree = "<group>";
		};
		5054A56B1D6F416C00CA6C66 /* GoogleAdMob */ = {
			isa = PBXGroup;
			children = (
				5054A56C1D6F416C00CA6C66 /* MPGoogleAdMobBannerCustomEvent.h */,
				5054A56D1D6F416C00CA6C66 /* MPGoogleAdMobBannerCustomEvent.m */,
				5054A56E1D6F416C00CA6C66 /* MPGoogleAdMobInterstitialCustomEvent.h */,
				5054A56F1D6F416C00CA6C66 /* MPGoogleAdMobInterstitialCustomEvent.m */,
			);
			name = GoogleAdMob;
			path = AdNetworkSupport/GoogleAdMob;
			sourceTree = "<group>";
		};
		5054A57A1D70892500CA6C66 /* ANXMoPubChartboost */ = {
			isa = PBXGroup;
			children = (
				5054A57B1D70892500CA6C66 /* ANXMoPubChartboost.h */,
				5054A57D1D70892500CA6C66 /* ANXMoPubChartboost.m */,
			);
			path = ANXMoPubChartboost;
			sourceTree = "<group>";
		};
		5054A5841D708D1500CA6C66 /* Chartboost */ = {
			isa = PBXGroup;
			children = (
				5054A5851D708D1500CA6C66 /* ChartboostInterstitialCustomEvent.h */,
				5054A5861D708D1500CA6C66 /* ChartboostInterstitialCustomEvent.m */,
				5054A5871D708D1500CA6C66 /* ChartboostRewardedVideoCustomEvent.h */,
				5054A5881D708D1500CA6C66 /* ChartboostRewardedVideoCustomEvent.m */,
				5054A5891D708D1500CA6C66 /* MPChartboostRouter.h */,
				5054A58A1D708D1500CA6C66 /* MPChartboostRouter.m */,
				5054A58B1D708D1500CA6C66 /* MPInstanceProvider+Chartboost.h */,
				5054A58C1D708D1500CA6C66 /* MPInstanceProvider+Chartboost.m */,
			);
			name = Chartboost;
			path = AdNetworkSupport/Chartboost;
			sourceTree = "<group>";
		};
		5054A5991D71733F00CA6C66 /* ANXMoPubFacebook */ = {
			isa = PBXGroup;
			children = (
				5054A59A1D71733F00CA6C66 /* ANXMoPubFacebook.h */,
				5054A59C1D71733F00CA6C66 /* ANXMoPubFacebook.m */,
			);
			path = ANXMoPubFacebook;
			sourceTree = "<group>";
		};
		5054A5A31D71755100CA6C66 /* Facebook */ = {
			isa = PBXGroup;
			children = (
				5054A5A41D71755100CA6C66 /* FacebookBannerCustomEvent.h */,
				5054A5A51D71755100CA6C66 /* FacebookBannerCustomEvent.m */,
				5054A5A61D71755100CA6C66 /* FacebookInterstitialCustomEvent.h */,
				5054A5A71D71755100CA6C66 /* FacebookInterstitialCustomEvent.m */,
				5054A5A81D71755100CA6C66 /* FacebookNativeAdAdapter.h */,
				5054A5A91D71755100CA6C66 /* FacebookNativeAdAdapter.m */,
				5054A5AA1D71755100CA6C66 /* FacebookNativeCustomEvent.h */,
				5054A5AB1D71755100CA6C66 /* FacebookNativeCustomEvent.m */,
			);
			name = Facebook;
			path = AdNetworkSupport/Facebook;
			sourceTree = "<group>";
		};
		50B6B1EF1D49D3C000586C33 = {
			isa = PBXGroup;
			children = (
				50B6B1FA1D49D3C000586C33 /* MoPub */,
				504E9EF11D69EC7400C01F17 /* ANXMoPubAdColony */,
				5054A53A1D6E3A6B00CA6C66 /* ANXMoPubVungle */,
				5054A5611D6F390D00CA6C66 /* ANXMoPubAdMob */,
				5054A57A1D70892500CA6C66 /* ANXMoPubChartboost */,
				5054A5991D71733F00CA6C66 /* ANXMoPubFacebook */,
				50B6B1F91D49D3C000586C33 /* Products */,
				B8A46D95E3B0A68C362BF77E /* Pods */,
				D680079601D6A3CA1AE29449 /* Frameworks */,
			);
			sourceTree = "<group>";
		};
		50B6B1F91D49D3C000586C33 /* Products */ = {
			isa = PBXGroup;
			children = (
				50B6B1F81D49D3C000586C33 /* libANXMoPub.a */,
				504E9EF01D69EC7300C01F17 /* libANXMoPubAdColonySupport.a */,
				5054A5391D6E3A6B00CA6C66 /* libANXMoPubVungleSupport.a */,
				5054A5601D6F390D00CA6C66 /* libANXMoPubAdMobSupport.a */,
				5054A5791D70892500CA6C66 /* libANXMoPubChartboostSupport.a */,
				5054A5981D71733E00CA6C66 /* libANXMoPubFacebookSupport.a */,
			);
			name = Products;
			sourceTree = "<group>";
		};
		50B6B1FA1D49D3C000586C33 /* MoPub */ = {
			isa = PBXGroup;
			children = (
				50B6B2171D49D49C00586C33 /* Supporting Files */,
				5054A5051D6A604D00CA6C66 /* AdColony */,
				5054A5491D6ED27700CA6C66 /* Vungle */,
				5054A56B1D6F416C00CA6C66 /* GoogleAdMob */,
				5054A5841D708D1500CA6C66 /* Chartboost */,
				5054A5A31D71755100CA6C66 /* Facebook */,
				50B6B2051D49D44C00586C33 /* MoPubBanner.h */,
				50B6B2061D49D44C00586C33 /* MoPubBanner.m */,
				50B6B2071D49D44C00586C33 /* MoPubCustomEventClassData.h */,
				50B6B2081D49D44C00586C33 /* MoPubCustomEventClassData.m */,
				50B6B2091D49D44C00586C33 /* MoPubInternalMessages.h */,
				50B6B20A1D49D44C00586C33 /* MoPubInterstitial.h */,
				50B6B20B1D49D44C00586C33 /* MoPubInterstitial.m */,
				50B6B20C1D49D44C00586C33 /* MoPubIosExtension.m */,
				50B6B20D1D49D44C00586C33 /* MoPubKeywords.h */,
				50B6B20E1D49D44C00586C33 /* MoPubKeywords.m */,
				50B6B20F1D49D44C00586C33 /* MoPubTypeConversion.h */,
				50B6B2101D49D44C00586C33 /* MoPubTypeConversion.m */,
			);
			path = MoPub;
			sourceTree = "<group>";
		};
		50B6B2171D49D49C00586C33 /* Supporting Files */ = {
			isa = PBXGroup;
			children = (
				50B6B2041D49D44C00586C33 /* FlashRuntimeExtensions.h */,
			);
			name = "Supporting Files";
			sourceTree = "<group>";
		};
		B8A46D95E3B0A68C362BF77E /* Pods */ = {
			isa = PBXGroup;
			children = (
				5B1F228E46BEFB2816D8B137 /* Pods.debug.xcconfig */,
				1B0534233F13A579833EC5A2 /* Pods.release.xcconfig */,
			);
			name = Pods;
			sourceTree = "<group>";
		};
		D680079601D6A3CA1AE29449 /* Frameworks */ = {
			isa = PBXGroup;
			children = (
				5054A5A11D7173A400CA6C66 /* FBAudienceNetwork.framework */,
				5054A5821D708A1500CA6C66 /* Chartboost.framework */,
				5054A5691D6F3ACF00CA6C66 /* GoogleMobileAds.framework */,
				5054A5461D6E45E200CA6C66 /* VungleSDK.framework */,
				5054A5441D6E45D100CA6C66 /* VungleSDK.embeddedframework */,
				5054A5321D6B1D4F00CA6C66 /* AdColony.framework */,
				36B3EFBEFC824E487C1CC06B /* libPods.a */,
			);
			name = Frameworks;
			sourceTree = "<group>";
		};
/* End PBXGroup section */

/* Begin PBXNativeTarget section */
		504E9EEF1D69EC7300C01F17 /* ANXMoPubAdColony */ = {
			isa = PBXNativeTarget;
			buildConfigurationList = 504E9EF61D69EC7400C01F17 /* Build configuration list for PBXNativeTarget "ANXMoPubAdColony" */;
			buildPhases = (
				504E9EEC1D69EC7300C01F17 /* Sources */,
				504E9EED1D69EC7300C01F17 /* Frameworks */,
				504E9EEE1D69EC7300C01F17 /* CopyFiles */,
			);
			buildRules = (
			);
			dependencies = (
			);
			name = ANXMoPubAdColony;
			productName = ANXMoPubAdColony;
			productReference = 504E9EF01D69EC7300C01F17 /* libANXMoPubAdColonySupport.a */;
			productType = "com.apple.product-type.library.static";
		};
		5054A5381D6E3A6B00CA6C66 /* ANXMoPubVungle */ = {
			isa = PBXNativeTarget;
			buildConfigurationList = 5054A5411D6E3A6B00CA6C66 /* Build configuration list for PBXNativeTarget "ANXMoPubVungle" */;
			buildPhases = (
				5054A5351D6E3A6B00CA6C66 /* Sources */,
				5054A5361D6E3A6B00CA6C66 /* Frameworks */,
				5054A5371D6E3A6B00CA6C66 /* CopyFiles */,
			);
			buildRules = (
			);
			dependencies = (
			);
			name = ANXMoPubVungle;
			productName = ANXMoPubVungle;
			productReference = 5054A5391D6E3A6B00CA6C66 /* libANXMoPubVungleSupport.a */;
			productType = "com.apple.product-type.library.static";
		};
		5054A55F1D6F390D00CA6C66 /* ANXMoPubAdMob */ = {
			isa = PBXNativeTarget;
			buildConfigurationList = 5054A5681D6F390D00CA6C66 /* Build configuration list for PBXNativeTarget "ANXMoPubAdMob" */;
			buildPhases = (
				5054A55C1D6F390D00CA6C66 /* Sources */,
				5054A55D1D6F390D00CA6C66 /* Frameworks */,
				5054A55E1D6F390D00CA6C66 /* CopyFiles */,
			);
			buildRules = (
			);
			dependencies = (
			);
			name = ANXMoPubAdMob;
			productName = ANXMoPubAdMob;
			productReference = 5054A5601D6F390D00CA6C66 /* libANXMoPubAdMobSupport.a */;
			productType = "com.apple.product-type.library.static";
		};
		5054A5781D70892500CA6C66 /* ANXMoPubChartboost */ = {
			isa = PBXNativeTarget;
			buildConfigurationList = 5054A5811D70892500CA6C66 /* Build configuration list for PBXNativeTarget "ANXMoPubChartboost" */;
			buildPhases = (
				5054A5751D70892500CA6C66 /* Sources */,
				5054A5761D70892500CA6C66 /* Frameworks */,
				5054A5771D70892500CA6C66 /* CopyFiles */,
			);
			buildRules = (
			);
			dependencies = (
			);
			name = ANXMoPubChartboost;
			productName = ANXMoPubChartboost;
			productReference = 5054A5791D70892500CA6C66 /* libANXMoPubChartboostSupport.a */;
			productType = "com.apple.product-type.library.static";
		};
		5054A5971D71733E00CA6C66 /* ANXMoPubFacebook */ = {
			isa = PBXNativeTarget;
			buildConfigurationList = 5054A5A01D71733F00CA6C66 /* Build configuration list for PBXNativeTarget "ANXMoPubFacebook" */;
			buildPhases = (
				5054A5941D71733E00CA6C66 /* Sources */,
				5054A5951D71733E00CA6C66 /* Frameworks */,
				5054A5961D71733E00CA6C66 /* CopyFiles */,
			);
			buildRules = (
			);
			dependencies = (
			);
			name = ANXMoPubFacebook;
			productName = ANXMoPubFacebook;
			productReference = 5054A5981D71733E00CA6C66 /* libANXMoPubFacebookSupport.a */;
			productType = "com.apple.product-type.library.static";
		};
		50B6B1F71D49D3C000586C33 /* ANXMoPub */ = {
			isa = PBXNativeTarget;
			buildConfigurationList = 50B6B2011D49D3C000586C33 /* Build configuration list for PBXNativeTarget "ANXMoPub" */;
			buildPhases = (
				21DC964839FB8BB0E38FE730 /* Check Pods Manifest.lock */,
				50B6B1F41D49D3C000586C33 /* Sources */,
				50B6B1F51D49D3C000586C33 /* Frameworks */,
				50B6B1F61D49D3C000586C33 /* CopyFiles */,
				A62DA6AE1F3C5C20A1DE918F /* Copy Pods Resources */,
			);
			buildRules = (
			);
			dependencies = (
			);
			name = ANXMoPub;
			productName = MoPub;
			productReference = 50B6B1F81D49D3C000586C33 /* libANXMoPub.a */;
			productType = "com.apple.product-type.library.static";
		};
/* End PBXNativeTarget section */

/* Begin PBXProject section */
		50B6B1F01D49D3C000586C33 /* Project object */ = {
			isa = PBXProject;
			attributes = {
				LastUpgradeCheck = 0730;
				ORGANIZATIONNAME = "Max Rozdobudko";
				TargetAttributes = {
					504E9EEF1D69EC7300C01F17 = {
						CreatedOnToolsVersion = 7.3.1;
					};
					5054A5381D6E3A6B00CA6C66 = {
						CreatedOnToolsVersion = 7.3.1;
					};
					5054A55F1D6F390D00CA6C66 = {
						CreatedOnToolsVersion = 7.3.1;
					};
					5054A5781D70892500CA6C66 = {
						CreatedOnToolsVersion = 7.3.1;
					};
					5054A5971D71733E00CA6C66 = {
						CreatedOnToolsVersion = 7.3.1;
					};
					50B6B1F71D49D3C000586C33 = {
						CreatedOnToolsVersion = 7.3.1;
					};
				};
			};
			buildConfigurationList = 50B6B1F31D49D3C000586C33 /* Build configuration list for PBXProject "MoPub" */;
			compatibilityVersion = "Xcode 3.2";
			developmentRegion = English;
			hasScannedForEncodings = 0;
			knownRegions = (
				en,
			);
			mainGroup = 50B6B1EF1D49D3C000586C33;
			productRefGroup = 50B6B1F91D49D3C000586C33 /* Products */;
			projectDirPath = "";
			projectRoot = "";
			targets = (
				50B6B1F71D49D3C000586C33 /* ANXMoPub */,
				504E9EEF1D69EC7300C01F17 /* ANXMoPubAdColony */,
				5054A5381D6E3A6B00CA6C66 /* ANXMoPubVungle */,
				5054A55F1D6F390D00CA6C66 /* ANXMoPubAdMob */,
				5054A5781D70892500CA6C66 /* ANXMoPubChartboost */,
				5054A5971D71733E00CA6C66 /* ANXMoPubFacebook */,
			);
		};
/* End PBXProject section */

/* Begin PBXShellScriptBuildPhase section */
		21DC964839FB8BB0E38FE730 /* Check Pods Manifest.lock */ = {
			isa = PBXShellScriptBuildPhase;
			buildActionMask = 2147483647;
			files = (
			);
			inputPaths = (
			);
			name = "Check Pods Manifest.lock";
			outputPaths = (
			);
			runOnlyForDeploymentPostprocessing = 0;
			shellPath = /bin/sh;
			shellScript = "diff \"${PODS_ROOT}/../Podfile.lock\" \"${PODS_ROOT}/Manifest.lock\" > /dev/null\nif [[ $? != 0 ]] ; then\n    cat << EOM\nerror: The sandbox is not in sync with the Podfile.lock. Run 'pod install' or update your CocoaPods installation.\nEOM\n    exit 1\nfi\n";
			showEnvVarsInLog = 0;
		};
		A62DA6AE1F3C5C20A1DE918F /* Copy Pods Resources */ = {
			isa = PBXShellScriptBuildPhase;
			buildActionMask = 2147483647;
			files = (
			);
			inputPaths = (
			);
			name = "Copy Pods Resources";
			outputPaths = (
			);
			runOnlyForDeploymentPostprocessing = 0;
			shellPath = /bin/sh;
			shellScript = "\"${SRCROOT}/Pods/Target Support Files/Pods/Pods-resources.sh\"\n";
			showEnvVarsInLog = 0;
		};
/* End PBXShellScriptBuildPhase section */

/* Begin PBXSourcesBuildPhase section */
		504E9EEC1D69EC7300C01F17 /* Sources */ = {
			isa = PBXSourcesBuildPhase;
			buildActionMask = 2147483647;
			files = (
				504E9EF51D69EC7400C01F17 /* ANXMoPubAdColony.m in Sources */,
			);
			runOnlyForDeploymentPostprocessing = 0;
		};
		5054A5351D6E3A6B00CA6C66 /* Sources */ = {
			isa = PBXSourcesBuildPhase;
			buildActionMask = 2147483647;
			files = (
				5054A53E1D6E3A6B00CA6C66 /* ANXMoPubVungle.m in Sources */,
			);
			runOnlyForDeploymentPostprocessing = 0;
		};
		5054A55C1D6F390D00CA6C66 /* Sources */ = {
			isa = PBXSourcesBuildPhase;
			buildActionMask = 2147483647;
			files = (
				5054A5651D6F390D00CA6C66 /* ANXMoPubAdMob.m in Sources */,
			);
			runOnlyForDeploymentPostprocessing = 0;
		};
		5054A5751D70892500CA6C66 /* Sources */ = {
			isa = PBXSourcesBuildPhase;
			buildActionMask = 2147483647;
			files = (
				5054A57E1D70892500CA6C66 /* ANXMoPubChartboost.m in Sources */,
			);
			runOnlyForDeploymentPostprocessing = 0;
		};
		5054A5941D71733E00CA6C66 /* Sources */ = {
			isa = PBXSourcesBuildPhase;
			buildActionMask = 2147483647;
			files = (
				5054A59D1D71733F00CA6C66 /* ANXMoPubFacebook.m in Sources */,
			);
			runOnlyForDeploymentPostprocessing = 0;
		};
		50B6B1F41D49D3C000586C33 /* Sources */ = {
			isa = PBXSourcesBuildPhase;
			buildActionMask = 2147483647;
			files = (
				50B6B2141D49D44C00586C33 /* MoPubIosExtension.m in Sources */,
				50B6B2121D49D44C00586C33 /* MoPubCustomEventClassData.m in Sources */,
				50B6B2131D49D44C00586C33 /* MoPubInterstitial.m in Sources */,
				50B6B2111D49D44C00586C33 /* MoPubBanner.m in Sources */,
				50B6B2161D49D44C00586C33 /* MoPubTypeConversion.m in Sources */,
				50B6B2151D49D44C00586C33 /* MoPubKeywords.m in Sources */,
				5054A52E1D6A618000CA6C66 /* AdColonyRewardedVideoCustomEvent.m in Sources */,
				5054A52C1D6A618000CA6C66 /* AdColonyInstanceMediationSettings.m in Sources */,
				5054A52B1D6A618000CA6C66 /* AdColonyGlobalMediationSettings.m in Sources */,
				5054A52F1D6A618000CA6C66 /* MPAdColonyRouter.m in Sources */,
				5054A52D1D6A618000CA6C66 /* AdColonyInterstitialCustomEvent.m in Sources */,
				5054A52A1D6A618000CA6C66 /* AdColonyCustomEvent.m in Sources */,
				5054A5301D6A618000CA6C66 /* MPInstanceProvider+AdColony.m in Sources */,
				5054A5571D6ED27700CA6C66 /* MPVungleRouter.m in Sources */,
				5054A55B1D6ED27700CA6C66 /* VungleRewardedVideoCustomEvent.m in Sources */,
				5054A5591D6ED27700CA6C66 /* VungleInstanceMediationSettings.m in Sources */,
				5054A55A1D6ED27700CA6C66 /* VungleInterstitialCustomEvent.m in Sources */,
				5054A5561D6ED27700CA6C66 /* MPInstanceProvider+Vungle.m in Sources */,
				5054A5721D6F416C00CA6C66 /* MPGoogleAdMobBannerCustomEvent.m in Sources */,
				5054A5731D6F416C00CA6C66 /* MPGoogleAdMobInterstitialCustomEvent.m in Sources */,
				5054A5911D708D1500CA6C66 /* MPChartboostRouter.m in Sources */,
				5054A5901D708D1500CA6C66 /* ChartboostRewardedVideoCustomEvent.m in Sources */,
				5054A58F1D708D1500CA6C66 /* ChartboostInterstitialCustomEvent.m in Sources */,
				5054A5921D708D1500CA6C66 /* MPInstanceProvider+Chartboost.m in Sources */,
				5054A5B11D71755100CA6C66 /* FacebookNativeCustomEvent.m in Sources */,
				5054A5B01D71755100CA6C66 /* FacebookNativeAdAdapter.m in Sources */,
				5054A5AF1D71755100CA6C66 /* FacebookInterstitialCustomEvent.m in Sources */,
				5054A5AE1D71755100CA6C66 /* FacebookBannerCustomEvent.m in Sources */,
			);
			runOnlyForDeploymentPostprocessing = 0;
		};
/* End PBXSourcesBuildPhase section */

/* Begin XCBuildConfiguration section */
		504E9EF71D69EC7400C01F17 /* Debug */ = {
			isa = XCBuildConfiguration;
			buildSettings = {
				CLANG_CXX_LANGUAGE_STANDARD = "gnu++0x";
				CLANG_CXX_LIBRARY = "libc++";
				CLANG_ENABLE_MODULES = YES;
				CLANG_ENABLE_OBJC_ARC = YES;
				ENABLE_STRICT_OBJC_MSGSEND = YES;
				ENABLE_TESTABILITY = YES;
				FRAMEWORK_SEARCH_PATHS = (
					"$(inherited)",
					"$(PROJECT_DIR)/Pods/AdColony",
				);
				OTHER_LDFLAGS = "-ObjC";
				PRODUCT_NAME = "$(TARGET_NAME)Support";
				SKIP_INSTALL = YES;
			};
			name = Debug;
		};
		504E9EF81D69EC7400C01F17 /* Release */ = {
			isa = XCBuildConfiguration;
			buildSettings = {
				CLANG_CXX_LANGUAGE_STANDARD = "gnu++0x";
				CLANG_CXX_LIBRARY = "libc++";
				CLANG_ENABLE_MODULES = YES;
				CLANG_ENABLE_OBJC_ARC = YES;
				ENABLE_STRICT_OBJC_MSGSEND = YES;
				FRAMEWORK_SEARCH_PATHS = (
					"$(inherited)",
					"$(PROJECT_DIR)/Pods/AdColony",
				);
				OTHER_LDFLAGS = "-ObjC";
				PRODUCT_NAME = "$(TARGET_NAME)Support";
				SKIP_INSTALL = YES;
			};
			name = Release;
		};
		5054A53F1D6E3A6B00CA6C66 /* Debug */ = {
			isa = XCBuildConfiguration;
			buildSettings = {
				CLANG_CXX_LANGUAGE_STANDARD = "gnu++0x";
				CLANG_CXX_LIBRARY = "libc++";
				CLANG_ENABLE_MODULES = YES;
				CLANG_ENABLE_OBJC_ARC = YES;
				"CODE_SIGN_IDENTITY[sdk=iphoneos*]" = "iPhone Developer";
				DEBUG_INFORMATION_FORMAT = dwarf;
				ENABLE_STRICT_OBJC_MSGSEND = YES;
				ENABLE_TESTABILITY = YES;
				FRAMEWORK_SEARCH_PATHS = (
					"$(inherited)",
					"$(PROJECT_DIR)/Pods/VungleSDK-iOS/VungleSDK.embeddedframework",
				);
				IPHONEOS_DEPLOYMENT_TARGET = 9.3;
				OTHER_LDFLAGS = "-ObjC";
				PRODUCT_NAME = "$(TARGET_NAME)Support";
				SKIP_INSTALL = YES;
			};
			name = Debug;
		};
		5054A5401D6E3A6B00CA6C66 /* Release */ = {
			isa = XCBuildConfiguration;
			buildSettings = {
				CLANG_CXX_LANGUAGE_STANDARD = "gnu++0x";
				CLANG_CXX_LIBRARY = "libc++";
				CLANG_ENABLE_MODULES = YES;
				CLANG_ENABLE_OBJC_ARC = YES;
				"CODE_SIGN_IDENTITY[sdk=iphoneos*]" = "iPhone Developer";
				DEBUG_INFORMATION_FORMAT = "dwarf-with-dsym";
				ENABLE_STRICT_OBJC_MSGSEND = YES;
				FRAMEWORK_SEARCH_PATHS = (
					"$(inherited)",
					"$(PROJECT_DIR)/Pods/VungleSDK-iOS/VungleSDK.embeddedframework",
				);
				IPHONEOS_DEPLOYMENT_TARGET = 9.3;
				OTHER_LDFLAGS = "-ObjC";
				PRODUCT_NAME = "$(TARGET_NAME)Support";
				SKIP_INSTALL = YES;
			};
			name = Release;
		};
		5054A5661D6F390D00CA6C66 /* Debug */ = {
			isa = XCBuildConfiguration;
			buildSettings = {
				CLANG_CXX_LANGUAGE_STANDARD = "gnu++0x";
				CLANG_CXX_LIBRARY = "libc++";
				CLANG_ENABLE_MODULES = YES;
				CLANG_ENABLE_OBJC_ARC = YES;
				"CODE_SIGN_IDENTITY[sdk=iphoneos*]" = "iPhone Developer";
				DEBUG_INFORMATION_FORMAT = dwarf;
				ENABLE_STRICT_OBJC_MSGSEND = YES;
				ENABLE_TESTABILITY = YES;
				FRAMEWORK_SEARCH_PATHS = (
					"$(inherited)",
					"$(PROJECT_DIR)/Pods/Google-Mobile-Ads-SDK/Frameworks",
				);
				IPHONEOS_DEPLOYMENT_TARGET = 9.3;
				OTHER_LDFLAGS = "-ObjC";
				PRODUCT_NAME = "$(TARGET_NAME)Support";
				SKIP_INSTALL = YES;
			};
			name = Debug;
		};
		5054A5671D6F390D00CA6C66 /* Release */ = {
			isa = XCBuildConfiguration;
			buildSettings = {
				CLANG_CXX_LANGUAGE_STANDARD = "gnu++0x";
				CLANG_CXX_LIBRARY = "libc++";
				CLANG_ENABLE_MODULES = YES;
				CLANG_ENABLE_OBJC_ARC = YES;
				"CODE_SIGN_IDENTITY[sdk=iphoneos*]" = "iPhone Developer";
				DEBUG_INFORMATION_FORMAT = "dwarf-with-dsym";
				ENABLE_STRICT_OBJC_MSGSEND = YES;
				FRAMEWORK_SEARCH_PATHS = (
					"$(inherited)",
					"$(PROJECT_DIR)/Pods/Google-Mobile-Ads-SDK/Frameworks",
				);
				IPHONEOS_DEPLOYMENT_TARGET = 9.3;
				OTHER_LDFLAGS = "-ObjC";
				PRODUCT_NAME = "$(TARGET_NAME)Support";
				SKIP_INSTALL = YES;
			};
			name = Release;
		};
		5054A57F1D70892500CA6C66 /* Debug */ = {
			isa = XCBuildConfiguration;
			buildSettings = {
				CLANG_CXX_LANGUAGE_STANDARD = "gnu++0x";
				CLANG_CXX_LIBRARY = "libc++";
				CLANG_ENABLE_MODULES = YES;
				CLANG_ENABLE_OBJC_ARC = YES;
				"CODE_SIGN_IDENTITY[sdk=iphoneos*]" = "iPhone Developer";
				DEBUG_INFORMATION_FORMAT = dwarf;
				ENABLE_STRICT_OBJC_MSGSEND = YES;
				ENABLE_TESTABILITY = YES;
				FRAMEWORK_SEARCH_PATHS = (
					"$(inherited)",
					"$(PROJECT_DIR)/Pods/ChartboostSDK",
				);
				IPHONEOS_DEPLOYMENT_TARGET = 9.3;
				OTHER_LDFLAGS = "-ObjC";
				PRODUCT_NAME = "$(TARGET_NAME)Support";
				SKIP_INSTALL = YES;
			};
			name = Debug;
		};
		5054A5801D70892500CA6C66 /* Release */ = {
			isa = XCBuildConfiguration;
			buildSettings = {
				CLANG_CXX_LANGUAGE_STANDARD = "gnu++0x";
				CLANG_CXX_LIBRARY = "libc++";
				CLANG_ENABLE_MODULES = YES;
				CLANG_ENABLE_OBJC_ARC = YES;
				"CODE_SIGN_IDENTITY[sdk=iphoneos*]" = "iPhone Developer";
				DEBUG_INFORMATION_FORMAT = "dwarf-with-dsym";
				ENABLE_STRICT_OBJC_MSGSEND = YES;
				FRAMEWORK_SEARCH_PATHS = (
					"$(inherited)",
					"$(PROJECT_DIR)/Pods/ChartboostSDK",
				);
				IPHONEOS_DEPLOYMENT_TARGET = 9.3;
				OTHER_LDFLAGS = "-ObjC";
				PRODUCT_NAME = "$(TARGET_NAME)Support";
				SKIP_INSTALL = YES;
			};
			name = Release;
		};
		5054A59E1D71733F00CA6C66 /* Debug */ = {
			isa = XCBuildConfiguration;
			buildSettings = {
				CLANG_CXX_LANGUAGE_STANDARD = "gnu++0x";
				CLANG_CXX_LIBRARY = "libc++";
				CLANG_ENABLE_MODULES = YES;
				CLANG_ENABLE_OBJC_ARC = YES;
				"CODE_SIGN_IDENTITY[sdk=iphoneos*]" = "iPhone Developer";
				DEBUG_INFORMATION_FORMAT = dwarf;
				ENABLE_STRICT_OBJC_MSGSEND = YES;
				ENABLE_TESTABILITY = YES;
				FRAMEWORK_SEARCH_PATHS = (
					"$(inherited)",
					"$(PROJECT_DIR)/Pods/FBAudienceNetwork",
				);
				IPHONEOS_DEPLOYMENT_TARGET = 9.3;
				OTHER_LDFLAGS = "-ObjC";
				PRODUCT_NAME = "$(TARGET_NAME)Support";
				SKIP_INSTALL = YES;
			};
			name = Debug;
		};
		5054A59F1D71733F00CA6C66 /* Release */ = {
			isa = XCBuildConfiguration;
			buildSettings = {
				CLANG_CXX_LANGUAGE_STANDARD = "gnu++0x";
				CLANG_CXX_LIBRARY = "libc++";
				CLANG_ENABLE_MODULES = YES;
				CLANG_ENABLE_OBJC_ARC = YES;
				"CODE_SIGN_IDENTITY[sdk=iphoneos*]" = "iPhone Developer";
				DEBUG_INFORMATION_FORMAT = "dwarf-with-dsym";
				ENABLE_STRICT_OBJC_MSGSEND = YES;
				FRAMEWORK_SEARCH_PATHS = (
					"$(inherited)",
					"$(PROJECT_DIR)/Pods/FBAudienceNetwork",
				);
				IPHONEOS_DEPLOYMENT_TARGET = 9.3;
				OTHER_LDFLAGS = "-ObjC";
				PRODUCT_NAME = "$(TARGET_NAME)Support";
				SKIP_INSTALL = YES;
			};
			name = Release;
		};
		50B6B1FF1D49D3C000586C33 /* Debug */ = {
			isa = XCBuildConfiguration;
			buildSettings = {
				ALWAYS_SEARCH_USER_PATHS = NO;
				CLANG_ANALYZER_NONNULL = YES;
				CLANG_WARN_BOOL_CONVERSION = YES;
				CLANG_WARN_CONSTANT_CONVERSION = YES;
				CLANG_WARN_DIRECT_OBJC_ISA_USAGE = YES_ERROR;
				CLANG_WARN_EMPTY_BODY = YES;
				CLANG_WARN_ENUM_CONVERSION = YES;
				CLANG_WARN_INT_CONVERSION = YES;
				CLANG_WARN_OBJC_ROOT_CLASS = YES_ERROR;
				CLANG_WARN_UNREACHABLE_CODE = YES;
				CLANG_WARN__DUPLICATE_METHOD_MATCH = YES;
				COPY_PHASE_STRIP = NO;
				GCC_C_LANGUAGE_STANDARD = gnu99;
				GCC_DYNAMIC_NO_PIC = NO;
				GCC_NO_COMMON_BLOCKS = YES;
				GCC_OPTIMIZATION_LEVEL = 0;
				GCC_PREPROCESSOR_DEFINITIONS = (
					"DEBUG=1",
					"$(inherited)",
				);
				GCC_WARN_64_TO_32_BIT_CONVERSION = YES;
				GCC_WARN_ABOUT_RETURN_TYPE = YES_ERROR;
				GCC_WARN_UNDECLARED_SELECTOR = YES;
				GCC_WARN_UNINITIALIZED_AUTOS = YES_AGGRESSIVE;
				GCC_WARN_UNUSED_FUNCTION = YES;
				GCC_WARN_UNUSED_VARIABLE = YES;
				IPHONEOS_DEPLOYMENT_TARGET = 6.0;
				MTL_ENABLE_DEBUG_INFO = YES;
				ONLY_ACTIVE_ARCH = YES;
				SDKROOT = iphoneos;
			};
			name = Debug;
		};
		50B6B2001D49D3C000586C33 /* Release */ = {
			isa = XCBuildConfiguration;
			buildSettings = {
				ALWAYS_SEARCH_USER_PATHS = NO;
				CLANG_ANALYZER_NONNULL = YES;
				CLANG_WARN_BOOL_CONVERSION = YES;
				CLANG_WARN_CONSTANT_CONVERSION = YES;
				CLANG_WARN_DIRECT_OBJC_ISA_USAGE = YES_ERROR;
				CLANG_WARN_EMPTY_BODY = YES;
				CLANG_WARN_ENUM_CONVERSION = YES;
				CLANG_WARN_INT_CONVERSION = YES;
				CLANG_WARN_OBJC_ROOT_CLASS = YES_ERROR;
				CLANG_WARN_UNREACHABLE_CODE = YES;
				CLANG_WARN__DUPLICATE_METHOD_MATCH = YES;
				COPY_PHASE_STRIP = NO;
				ENABLE_NS_ASSERTIONS = NO;
				GCC_C_LANGUAGE_STANDARD = gnu99;
				GCC_NO_COMMON_BLOCKS = YES;
				GCC_WARN_64_TO_32_BIT_CONVERSION = YES;
				GCC_WARN_ABOUT_RETURN_TYPE = YES_ERROR;
				GCC_WARN_UNDECLARED_SELECTOR = YES;
				GCC_WARN_UNINITIALIZED_AUTOS = YES_AGGRESSIVE;
				GCC_WARN_UNUSED_FUNCTION = YES;
				GCC_WARN_UNUSED_VARIABLE = YES;
				IPHONEOS_DEPLOYMENT_TARGET = 6.0;
				MTL_ENABLE_DEBUG_INFO = NO;
				ONLY_ACTIVE_ARCH = YES;
				SDKROOT = iphoneos;
				VALIDATE_PRODUCT = YES;
			};
			name = Release;
		};
		50B6B2021D49D3C000586C33 /* Debug */ = {
			isa = XCBuildConfiguration;
			baseConfigurationReference = 5B1F228E46BEFB2816D8B137 /* Pods.debug.xcconfig */;
			buildSettings = {
				OTHER_LDFLAGS = "-ObjC";
				PRODUCT_NAME = "$(TARGET_NAME)";
				SKIP_INSTALL = YES;
			};
			name = Debug;
		};
		50B6B2031D49D3C000586C33 /* Release */ = {
			isa = XCBuildConfiguration;
			baseConfigurationReference = 1B0534233F13A579833EC5A2 /* Pods.release.xcconfig */;
			buildSettings = {
				OTHER_LDFLAGS = "-ObjC";
				PRODUCT_NAME = "$(TARGET_NAME)";
				SKIP_INSTALL = YES;
			};
			name = Release;
		};
/* End XCBuildConfiguration section */

/* Begin XCConfigurationList section */
		504E9EF61D69EC7400C01F17 /* Build configuration list for PBXNativeTarget "ANXMoPubAdColony" */ = {
			isa = XCConfigurationList;
			buildConfigurations = (
				504E9EF71D69EC7400C01F17 /* Debug */,
				504E9EF81D69EC7400C01F17 /* Release */,
			);
			defaultConfigurationIsVisible = 0;
			defaultConfigurationName = Release;
		};
		5054A5411D6E3A6B00CA6C66 /* Build configuration list for PBXNativeTarget "ANXMoPubVungle" */ = {
			isa = XCConfigurationList;
			buildConfigurations = (
				5054A53F1D6E3A6B00CA6C66 /* Debug */,
				5054A5401D6E3A6B00CA6C66 /* Release */,
			);
			defaultConfigurationIsVisible = 0;
			defaultConfigurationName = Release;
		};
		5054A5681D6F390D00CA6C66 /* Build configuration list for PBXNativeTarget "ANXMoPubAdMob" */ = {
			isa = XCConfigurationList;
			buildConfigurations = (
				5054A5661D6F390D00CA6C66 /* Debug */,
				5054A5671D6F390D00CA6C66 /* Release */,
			);
			defaultConfigurationIsVisible = 0;
			defaultConfigurationName = Release;
		};
		5054A5811D70892500CA6C66 /* Build configuration list for PBXNativeTarget "ANXMoPubChartboost" */ = {
			isa = XCConfigurationList;
			buildConfigurations = (
				5054A57F1D70892500CA6C66 /* Debug */,
				5054A5801D70892500CA6C66 /* Release */,
			);
			defaultConfigurationIsVisible = 0;
			defaultConfigurationName = Release;
		};
		5054A5A01D71733F00CA6C66 /* Build configuration list for PBXNativeTarget "ANXMoPubFacebook" */ = {
			isa = XCConfigurationList;
			buildConfigurations = (
				5054A59E1D71733F00CA6C66 /* Debug */,
				5054A59F1D71733F00CA6C66 /* Release */,
			);
			defaultConfigurationIsVisible = 0;
		};
		50B6B1F31D49D3C000586C33 /* Build configuration list for PBXProject "MoPub" */ = {
			isa = XCConfigurationList;
			buildConfigurations = (
				50B6B1FF1D49D3C000586C33 /* Debug */,
				50B6B2001D49D3C000586C33 /* Release */,
			);
			defaultConfigurationIsVisible = 0;
			defaultConfigurationName = Release;
		};
		50B6B2011D49D3C000586C33 /* Build configuration list for PBXNativeTarget "ANXMoPub" */ = {
			isa = XCConfigurationList;
			buildConfigurations = (
				50B6B2021D49D3C000586C33 /* Debug */,
				50B6B2031D49D3C000586C33 /* Release */,
			);
			defaultConfigurationIsVisible = 0;
			defaultConfigurationName = Release;
		};
/* End XCConfigurationList section */
	};
	rootObject = 50B6B1F01D49D3C000586C33 /* Project object */;
}
